
Microsoft Visual Studio Solution File, Format Version 12.00
# Visual Studio Version 17
VisualStudioVersion = 17.1.32421.90
MinimumVisualStudioVersion = 10.0.40219.1
Project("{9A19103F-16F7-4668-BE54-9A1E7A4F7556}") = "api-fanfareInvest.api", "src\api-fanfareInvest.api\api-fanfareInvest.api.csproj", "{DA35B8CC-1B06-492C-8866-485D6A25E737}"
EndProject
Project("{9A19103F-16F7-4668-BE54-9A1E7A4F7556}") = "api-fanfareInvest.test", "src\api-fanfareInvest.test\api-fanfareInvest.test.csproj", "{A8C2992B-2351-4F25-83E1-B2ADAC82C0F2}"
EndProject
Global
	GlobalSection(SolutionConfigurationPlatforms) = preSolution
		Debug|Any CPU = Debug|Any CPU
		Release|Any CPU = Release|Any CPU
	EndGlobalSection
	GlobalSection(ProjectConfigurationPlatforms) = postSolution
		{DA35B8CC-1B06-492C-8866-485D6A25E737}.Debug|Any CPU.ActiveCfg = Debug|Any CPU
		{DA35B8CC-1B06-492C-8866-485D6A25E737}.Debug|Any CPU.Build.0 = Debug|Any CPU
		{DA35B8CC-1B06-492C-8866-485D6A25E737}.Release|Any CPU.ActiveCfg = Release|Any CPU
		{DA35B8CC-1B06-492C-8866-485D6A25E737}.Release|Any CPU.Build.0 = Release|Any CPU
		{A8C2992B-2351-4F25-83E1-B2ADAC82C0F2}.Debug|Any CPU.ActiveCfg = Debug|Any CPU
		{A8C2992B-2351-4F25-83E1-B2ADAC82C0F2}.Debug|Any CPU.Build.0 = Debug|Any CPU
		{A8C2992B-2351-4F25-83E1-B2ADAC82C0F2}.Release|Any CPU.ActiveCfg = Release|Any CPU
		{A8C2992B-2351-4F25-83E1-B2ADAC82C0F2}.Release|Any CPU.Build.0 = Release|Any CPU
	EndGlobalSection
	GlobalSection(SolutionProperties) = preSolution
		HideSolutionNode = FALSE
	EndGlobalSection
	GlobalSection(ExtensibilityGlobals) = postSolution
		SolutionGuid = {493121B1-3DCF-464D-AF79-446FC88FE3DC}
	EndGlobalSection
EndGlobal
